{
  "version": 4,
  "terraform_version": "1.5.7",
  "serial": 4,
  "lineage": "438ef85a-cbfc-bb52-0423-e4bc185b205c",
  "outputs": {
    "group1_vm_ip": {
      "value": {
        "vm-2": "192.168.10.27",
        "vm-3": "192.168.10.17"
      },
      "type": [
        "object",
        {
          "vm-2": "string",
          "vm-3": "string"
        }
      ]
    },
    "group1_vm_nat_ip": {
      "value": {
        "vm-2": "89.169.134.72",
        "vm-3": "89.169.147.225"
      },
      "type": [
        "object",
        {
          "vm-2": "string",
          "vm-3": "string"
        }
      ]
    }
  },
  "resources": [
    {
      "mode": "managed",
      "type": "yandex_compute_instance",
      "name": "group1",
      "provider": "provider[\"registry.terraform.io/yandex-cloud/yandex\"]",
      "instances": [
        {
          "index_key": "vm-2",
          "schema_version": 1,
          "attributes": {
            "allow_recreate": null,
            "allow_stopping_for_update": null,
            "boot_disk": [
              {
                "auto_delete": true,
                "device_name": "fhmjl5u4p4ihonfe53r2",
                "disk_id": "fhmjl5u4p4ihonfe53r2",
                "initialize_params": [
                  {
                    "block_size": 4096,
                    "description": "",
                    "image_id": "fd85bll745cg76f707mq",
                    "name": "",
                    "size": 21,
                    "snapshot_id": "",
                    "type": "network-hdd"
                  }
                ],
                "mode": "READ_WRITE"
              }
            ],
            "created_at": "2024-10-01T21:40:17Z",
            "description": "Виртуальная машина vm-02",
            "filesystem": [],
            "folder_id": "b1gejb6026or4n703ioc",
            "fqdn": "fhm5b0r5ogfqq0qrcs1g.auto.internal",
            "gpu_cluster_id": "",
            "hostname": "",
            "id": "fhm5b0r5ogfqq0qrcs1g",
            "labels": null,
            "local_disk": [],
            "maintenance_grace_period": "",
            "maintenance_policy": null,
            "metadata": {
              "user-data": "#cloud-config\nusers:\n  - name: root\n    groups: sudo\n    shell: /bin/bash\n    sudo: 'ALL=(ALL) NOPASSWD:ALL'\n    ssh-authorized-keys:\n      - ssh-ed25519 AAAAC3NzaC1lZDI1NTE5AAAAIL5WKO7b4uwHPvf3cCmWxJR2s3QyICj4wj7XoEb9r+5t root@de4658e5ed3f\n"
            },
            "metadata_options": [
              {
                "aws_v1_http_endpoint": 1,
                "aws_v1_http_token": 2,
                "gce_http_endpoint": 1,
                "gce_http_token": 1
              }
            ],
            "name": "vm-02",
            "network_acceleration_type": "standard",
            "network_interface": [
              {
                "dns_record": [],
                "index": 0,
                "ip_address": "192.168.10.27",
                "ipv4": true,
                "ipv6": false,
                "ipv6_address": "",
                "ipv6_dns_record": [],
                "mac_address": "d0:0d:55:83:65:c4",
                "nat": true,
                "nat_dns_record": [],
                "nat_ip_address": "89.169.134.72",
                "nat_ip_version": "IPV4",
                "security_group_ids": [],
                "subnet_id": "e9bsdtj7vme4iddaq7qb"
              }
            ],
            "placement_policy": [
              {
                "host_affinity_rules": [],
                "placement_group_id": "",
                "placement_group_partition": 0
              }
            ],
            "platform_id": "standard-v1",
            "resources": [
              {
                "core_fraction": 100,
                "cores": 2,
                "gpus": 0,
                "memory": 4
              }
            ],
            "scheduling_policy": [
              {
                "preemptible": true
              }
            ],
            "secondary_disk": [],
            "service_account_id": "",
            "status": "running",
            "timeouts": null,
            "zone": "ru-central1-a"
          },
          "sensitive_attributes": [],
          "private": "eyJlMmJmYjczMC1lY2FhLTExZTYtOGY4OC0zNDM2M2JjN2M0YzAiOnsiY3JlYXRlIjozMDAwMDAwMDAwMDAsImRlbGV0ZSI6MzAwMDAwMDAwMDAwLCJ1cGRhdGUiOjMwMDAwMDAwMDAwMH0sInNjaGVtYV92ZXJzaW9uIjoiMSJ9"
        },
        {
          "index_key": "vm-3",
          "schema_version": 1,
          "attributes": {
            "allow_recreate": null,
            "allow_stopping_for_update": null,
            "boot_disk": [
              {
                "auto_delete": true,
                "device_name": "fhmf5qfhj4f2qb59hq56",
                "disk_id": "fhmf5qfhj4f2qb59hq56",
                "initialize_params": [
                  {
                    "block_size": 4096,
                    "description": "",
                    "image_id": "fd85bll745cg76f707mq",
                    "name": "",
                    "size": 21,
                    "snapshot_id": "",
                    "type": "network-hdd"
                  }
                ],
                "mode": "READ_WRITE"
              }
            ],
            "created_at": "2024-10-01T21:40:17Z",
            "description": "Виртуальная машина vm-03",
            "filesystem": [],
            "folder_id": "b1gejb6026or4n703ioc",
            "fqdn": "fhm9fkhu4b7im5p64d5o.auto.internal",
            "gpu_cluster_id": "",
            "hostname": "",
            "id": "fhm9fkhu4b7im5p64d5o",
            "labels": null,
            "local_disk": [],
            "maintenance_grace_period": "",
            "maintenance_policy": null,
            "metadata": {
              "user-data": "#cloud-config\nusers:\n  - name: root\n    groups: sudo\n    shell: /bin/bash\n    sudo: 'ALL=(ALL) NOPASSWD:ALL'\n    ssh-authorized-keys:\n      - ssh-ed25519 AAAAC3NzaC1lZDI1NTE5AAAAIL5WKO7b4uwHPvf3cCmWxJR2s3QyICj4wj7XoEb9r+5t root@de4658e5ed3f\n"
            },
            "metadata_options": [
              {
                "aws_v1_http_endpoint": 1,
                "aws_v1_http_token": 2,
                "gce_http_endpoint": 1,
                "gce_http_token": 1
              }
            ],
            "name": "vm-03",
            "network_acceleration_type": "standard",
            "network_interface": [
              {
                "dns_record": [],
                "index": 0,
                "ip_address": "192.168.10.17",
                "ipv4": true,
                "ipv6": false,
                "ipv6_address": "",
                "ipv6_dns_record": [],
                "mac_address": "d0:0d:97:d2:3e:22",
                "nat": true,
                "nat_dns_record": [],
                "nat_ip_address": "89.169.147.225",
                "nat_ip_version": "IPV4",
                "security_group_ids": [],
                "subnet_id": "e9bsdtj7vme4iddaq7qb"
              }
            ],
            "placement_policy": [
              {
                "host_affinity_rules": [],
                "placement_group_id": "",
                "placement_group_partition": 0
              }
            ],
            "platform_id": "standard-v1",
            "resources": [
              {
                "core_fraction": 100,
                "cores": 2,
                "gpus": 0,
                "memory": 4
              }
            ],
            "scheduling_policy": [
              {
                "preemptible": true
              }
            ],
            "secondary_disk": [],
            "service_account_id": "",
            "status": "running",
            "timeouts": null,
            "zone": "ru-central1-a"
          },
          "sensitive_attributes": [],
          "private": "eyJlMmJmYjczMC1lY2FhLTExZTYtOGY4OC0zNDM2M2JjN2M0YzAiOnsiY3JlYXRlIjozMDAwMDAwMDAwMDAsImRlbGV0ZSI6MzAwMDAwMDAwMDAwLCJ1cGRhdGUiOjMwMDAwMDAwMDAwMH0sInNjaGVtYV92ZXJzaW9uIjoiMSJ9"
        }
      ]
    }
  ],
  "check_results": null
}
