{
  "version": 4,
  "terraform_version": "1.5.7",
  "serial": 109,
  "lineage": "438ef85a-cbfc-bb52-0423-e4bc185b205c",
  "outputs": {
    "group1_vm_ip": {
      "value": {
        "vm-2": "192.168.10.3",
        "vm-3": "192.168.10.34"
      },
      "type": [
        "object",
        {
          "vm-2": "string",
          "vm-3": "string"
        }
      ]
    },
    "group1_vm_nat_ip": {
      "value": {
        "vm-2": "89.169.132.200",
        "vm-3": "89.169.152.10"
      },
      "type": [
        "object",
        {
          "vm-2": "string",
          "vm-3": "string"
        }
      ]
    },
    "group2_vm_ip": {
      "value": {
        "vm-4": "192.168.10.15"
      },
      "type": [
        "object",
        {
          "vm-4": "string"
        }
      ]
    },
    "group2_vm_nat_ip": {
      "value": {
        "vm-4": "84.201.156.244"
      },
      "type": [
        "object",
        {
          "vm-4": "string"
        }
      ]
    },
    "group3_vm_ip": {
      "value": {
        "vm-5": "192.168.10.5"
      },
      "type": [
        "object",
        {
          "vm-5": "string"
        }
      ]
    },
    "group3_vm_nat_ip": {
      "value": {
        "vm-5": "89.169.157.7"
      },
      "type": [
        "object",
        {
          "vm-5": "string"
        }
      ]
    },
    "group4_vm_ip": {
      "value": {
        "vm-6": "192.168.10.35"
      },
      "type": [
        "object",
        {
          "vm-6": "string"
        }
      ]
    },
    "group4_vm_nat_ip": {
      "value": {
        "vm-6": "62.84.117.139"
      },
      "type": [
        "object",
        {
          "vm-6": "string"
        }
      ]
    }
  },
  "resources": [
    {
      "mode": "managed",
      "type": "yandex_compute_disk",
      "name": "group5",
      "provider": "provider[\"registry.terraform.io/yandex-cloud/yandex\"]",
      "instances": [
        {
          "index_key": "hdd-1",
          "schema_version": 0,
          "attributes": {
            "allow_recreate": null,
            "block_size": 4096,
            "created_at": "2024-10-05T05:10:48Z",
            "description": "",
            "disk_placement_policy": [
              {
                "disk_placement_group_id": ""
              }
            ],
            "folder_id": "b1gejb6026or4n703ioc",
            "id": "fhm1gdkiitco2kqmp0na",
            "image_id": "",
            "labels": {},
            "name": "hdd-01-disk",
            "product_ids": [],
            "size": 24,
            "snapshot_id": "",
            "status": "ready",
            "timeouts": null,
            "type": "network-hdd",
            "zone": "ru-central1-a"
          },
          "sensitive_attributes": [],
          "private": "eyJlMmJmYjczMC1lY2FhLTExZTYtOGY4OC0zNDM2M2JjN2M0YzAiOnsiY3JlYXRlIjozMDAwMDAwMDAwMDAsImRlbGV0ZSI6MzAwMDAwMDAwMDAwLCJ1cGRhdGUiOjMwMDAwMDAwMDAwMH19"
        }
      ]
    },
    {
      "mode": "managed",
      "type": "yandex_compute_instance",
      "name": "group1",
      "provider": "provider[\"registry.terraform.io/yandex-cloud/yandex\"]",
      "instances": [
        {
          "index_key": "vm-2",
          "schema_version": 1,
          "attributes": {
            "allow_recreate": null,
            "allow_stopping_for_update": null,
            "boot_disk": [
              {
                "auto_delete": true,
                "device_name": "fhmittuftibjom75en4s",
                "disk_id": "fhmittuftibjom75en4s",
                "initialize_params": [
                  {
                    "block_size": 4096,
                    "description": "",
                    "image_id": "fd85bll745cg76f707mq",
                    "name": "vm-02-disk",
                    "size": 21,
                    "snapshot_id": "",
                    "type": "network-hdd"
                  }
                ],
                "mode": "READ_WRITE"
              }
            ],
            "created_at": "2024-10-05T05:10:49Z",
            "description": "Виртуальная машина vm-02",
            "filesystem": [],
            "folder_id": "b1gejb6026or4n703ioc",
            "fqdn": "fhmes0tmv2sjsr9befpa.auto.internal",
            "gpu_cluster_id": "",
            "hostname": "",
            "id": "fhmes0tmv2sjsr9befpa",
            "labels": {},
            "local_disk": [],
            "maintenance_grace_period": "",
            "maintenance_policy": null,
            "metadata": {
              "user-data": "#cloud-config\nusers:\n  - name: root\n    groups: sudo\n    shell: /bin/bash\n    sudo: 'ALL=(ALL) NOPASSWD:ALL'\n    ssh-authorized-keys:\n      - ssh-ed25519 AAAAC3NzaC1lZDI1NTE5AAAAIL5WKO7b4uwHPvf3cCmWxJR2s3QyICj4wj7XoEb9r+5t root@de4658e5ed3f\n\n\n# Установка hostname для каждой ВМ\nhostname: vm-02\n\n# Дополнительные команды, если необходимо\nruncmd:\n  - echo vm-02 \u003e /etc/hostname\n  - hostnamectl set-hostname vm-02\n"
            },
            "metadata_options": [
              {
                "aws_v1_http_endpoint": 1,
                "aws_v1_http_token": 2,
                "gce_http_endpoint": 1,
                "gce_http_token": 1
              }
            ],
            "name": "vm-02",
            "network_acceleration_type": "standard",
            "network_interface": [
              {
                "dns_record": [],
                "index": 0,
                "ip_address": "192.168.10.3",
                "ipv4": true,
                "ipv6": false,
                "ipv6_address": "",
                "ipv6_dns_record": [],
                "mac_address": "d0:0d:ee:03:b6:f8",
                "nat": true,
                "nat_dns_record": [],
                "nat_ip_address": "89.169.132.200",
                "nat_ip_version": "IPV4",
                "security_group_ids": [],
                "subnet_id": "e9bsdtj7vme4iddaq7qb"
              }
            ],
            "placement_policy": [
              {
                "host_affinity_rules": [],
                "placement_group_id": "",
                "placement_group_partition": 0
              }
            ],
            "platform_id": "standard-v1",
            "resources": [
              {
                "core_fraction": 100,
                "cores": 2,
                "gpus": 0,
                "memory": 4
              }
            ],
            "scheduling_policy": [
              {
                "preemptible": true
              }
            ],
            "secondary_disk": [],
            "service_account_id": "",
            "status": "running",
            "timeouts": null,
            "zone": "ru-central1-a"
          },
          "sensitive_attributes": [],
          "private": "eyJlMmJmYjczMC1lY2FhLTExZTYtOGY4OC0zNDM2M2JjN2M0YzAiOnsiY3JlYXRlIjozMDAwMDAwMDAwMDAsImRlbGV0ZSI6MzAwMDAwMDAwMDAwLCJ1cGRhdGUiOjMwMDAwMDAwMDAwMH0sInNjaGVtYV92ZXJzaW9uIjoiMSJ9"
        },
        {
          "index_key": "vm-3",
          "schema_version": 1,
          "attributes": {
            "allow_recreate": null,
            "allow_stopping_for_update": null,
            "boot_disk": [
              {
                "auto_delete": true,
                "device_name": "fhmh4qbvrkp4bsk9jui3",
                "disk_id": "fhmh4qbvrkp4bsk9jui3",
                "initialize_params": [
                  {
                    "block_size": 4096,
                    "description": "",
                    "image_id": "fd85bll745cg76f707mq",
                    "name": "vm-03-disk",
                    "size": 21,
                    "snapshot_id": "",
                    "type": "network-hdd"
                  }
                ],
                "mode": "READ_WRITE"
              }
            ],
            "created_at": "2024-10-05T05:10:49Z",
            "description": "Виртуальная машина vm-03",
            "filesystem": [],
            "folder_id": "b1gejb6026or4n703ioc",
            "fqdn": "fhm2baueq2vkt5g7080k.auto.internal",
            "gpu_cluster_id": "",
            "hostname": "",
            "id": "fhm2baueq2vkt5g7080k",
            "labels": {},
            "local_disk": [],
            "maintenance_grace_period": "",
            "maintenance_policy": null,
            "metadata": {
              "user-data": "#cloud-config\nusers:\n  - name: root\n    groups: sudo\n    shell: /bin/bash\n    sudo: 'ALL=(ALL) NOPASSWD:ALL'\n    ssh-authorized-keys:\n      - ssh-ed25519 AAAAC3NzaC1lZDI1NTE5AAAAIL5WKO7b4uwHPvf3cCmWxJR2s3QyICj4wj7XoEb9r+5t root@de4658e5ed3f\n\n\n# Установка hostname для каждой ВМ\nhostname: vm-03\n\n# Дополнительные команды, если необходимо\nruncmd:\n  - echo vm-03 \u003e /etc/hostname\n  - hostnamectl set-hostname vm-03\n"
            },
            "metadata_options": [
              {
                "aws_v1_http_endpoint": 1,
                "aws_v1_http_token": 2,
                "gce_http_endpoint": 1,
                "gce_http_token": 1
              }
            ],
            "name": "vm-03",
            "network_acceleration_type": "standard",
            "network_interface": [
              {
                "dns_record": [],
                "index": 0,
                "ip_address": "192.168.10.34",
                "ipv4": true,
                "ipv6": false,
                "ipv6_address": "",
                "ipv6_dns_record": [],
                "mac_address": "d0:0d:25:ab:ce:d0",
                "nat": true,
                "nat_dns_record": [],
                "nat_ip_address": "89.169.152.10",
                "nat_ip_version": "IPV4",
                "security_group_ids": [],
                "subnet_id": "e9bsdtj7vme4iddaq7qb"
              }
            ],
            "placement_policy": [
              {
                "host_affinity_rules": [],
                "placement_group_id": "",
                "placement_group_partition": 0
              }
            ],
            "platform_id": "standard-v1",
            "resources": [
              {
                "core_fraction": 100,
                "cores": 2,
                "gpus": 0,
                "memory": 4
              }
            ],
            "scheduling_policy": [
              {
                "preemptible": true
              }
            ],
            "secondary_disk": [],
            "service_account_id": "",
            "status": "running",
            "timeouts": null,
            "zone": "ru-central1-a"
          },
          "sensitive_attributes": [],
          "private": "eyJlMmJmYjczMC1lY2FhLTExZTYtOGY4OC0zNDM2M2JjN2M0YzAiOnsiY3JlYXRlIjozMDAwMDAwMDAwMDAsImRlbGV0ZSI6MzAwMDAwMDAwMDAwLCJ1cGRhdGUiOjMwMDAwMDAwMDAwMH0sInNjaGVtYV92ZXJzaW9uIjoiMSJ9"
        }
      ]
    },
    {
      "mode": "managed",
      "type": "yandex_compute_instance",
      "name": "group2",
      "provider": "provider[\"registry.terraform.io/yandex-cloud/yandex\"]",
      "instances": [
        {
          "index_key": "vm-4",
          "schema_version": 1,
          "attributes": {
            "allow_recreate": null,
            "allow_stopping_for_update": null,
            "boot_disk": [
              {
                "auto_delete": true,
                "device_name": "fhm1lv8oiu1tuhnv0fna",
                "disk_id": "fhm1lv8oiu1tuhnv0fna",
                "initialize_params": [
                  {
                    "block_size": 4096,
                    "description": "",
                    "image_id": "fd85bll745cg76f707mq",
                    "name": "vm-04-disk",
                    "size": 22,
                    "snapshot_id": "",
                    "type": "network-hdd"
                  }
                ],
                "mode": "READ_WRITE"
              }
            ],
            "created_at": "2024-10-05T05:10:49Z",
            "description": "Виртуальная машина vm-04",
            "filesystem": [],
            "folder_id": "b1gejb6026or4n703ioc",
            "fqdn": "fhm0q7t1gej8liqadk4g.auto.internal",
            "gpu_cluster_id": "",
            "hostname": "",
            "id": "fhm0q7t1gej8liqadk4g",
            "labels": {},
            "local_disk": [],
            "maintenance_grace_period": "",
            "maintenance_policy": null,
            "metadata": {
              "user-data": "#cloud-config\nusers:\n  - name: root\n    groups: sudo\n    shell: /bin/bash\n    sudo: 'ALL=(ALL) NOPASSWD:ALL'\n    ssh-authorized-keys:\n      - ssh-ed25519 AAAAC3NzaC1lZDI1NTE5AAAAIL5WKO7b4uwHPvf3cCmWxJR2s3QyICj4wj7XoEb9r+5t root@de4658e5ed3f\n\n\n# Установка hostname для каждой ВМ\nhostname: vm-04\n\n# Дополнительные команды, если необходимо\nruncmd:\n  - echo vm-04 \u003e /etc/hostname\n  - hostnamectl set-hostname vm-04\n"
            },
            "metadata_options": [
              {
                "aws_v1_http_endpoint": 1,
                "aws_v1_http_token": 2,
                "gce_http_endpoint": 1,
                "gce_http_token": 1
              }
            ],
            "name": "vm-04",
            "network_acceleration_type": "standard",
            "network_interface": [
              {
                "dns_record": [],
                "index": 0,
                "ip_address": "192.168.10.15",
                "ipv4": true,
                "ipv6": false,
                "ipv6_address": "",
                "ipv6_dns_record": [],
                "mac_address": "d0:0d:d1:fa:18:3a",
                "nat": true,
                "nat_dns_record": [],
                "nat_ip_address": "84.201.156.244",
                "nat_ip_version": "IPV4",
                "security_group_ids": [],
                "subnet_id": "e9bsdtj7vme4iddaq7qb"
              }
            ],
            "placement_policy": [
              {
                "host_affinity_rules": [],
                "placement_group_id": "",
                "placement_group_partition": 0
              }
            ],
            "platform_id": "standard-v1",
            "resources": [
              {
                "core_fraction": 100,
                "cores": 2,
                "gpus": 0,
                "memory": 4
              }
            ],
            "scheduling_policy": [
              {
                "preemptible": true
              }
            ],
            "secondary_disk": [],
            "service_account_id": "",
            "status": "running",
            "timeouts": null,
            "zone": "ru-central1-a"
          },
          "sensitive_attributes": [],
          "private": "eyJlMmJmYjczMC1lY2FhLTExZTYtOGY4OC0zNDM2M2JjN2M0YzAiOnsiY3JlYXRlIjozMDAwMDAwMDAwMDAsImRlbGV0ZSI6MzAwMDAwMDAwMDAwLCJ1cGRhdGUiOjMwMDAwMDAwMDAwMH0sInNjaGVtYV92ZXJzaW9uIjoiMSJ9"
        }
      ]
    },
    {
      "mode": "managed",
      "type": "yandex_compute_instance",
      "name": "group3",
      "provider": "provider[\"registry.terraform.io/yandex-cloud/yandex\"]",
      "instances": [
        {
          "index_key": "vm-5",
          "schema_version": 1,
          "attributes": {
            "allow_recreate": null,
            "allow_stopping_for_update": null,
            "boot_disk": [
              {
                "auto_delete": true,
                "device_name": "fhm6s81ln9qf57eoglcd",
                "disk_id": "fhm6s81ln9qf57eoglcd",
                "initialize_params": [
                  {
                    "block_size": 4096,
                    "description": "",
                    "image_id": "fd85bll745cg76f707mq",
                    "name": "vm-05-disk",
                    "size": 23,
                    "snapshot_id": "",
                    "type": "network-hdd"
                  }
                ],
                "mode": "READ_WRITE"
              }
            ],
            "created_at": "2024-10-05T05:10:49Z",
            "description": "Виртуальная машина vm-05",
            "filesystem": [],
            "folder_id": "b1gejb6026or4n703ioc",
            "fqdn": "fhmef08nrmumo5bg2ai8.auto.internal",
            "gpu_cluster_id": "",
            "hostname": "",
            "id": "fhmef08nrmumo5bg2ai8",
            "labels": {},
            "local_disk": [],
            "maintenance_grace_period": "",
            "maintenance_policy": null,
            "metadata": {
              "user-data": "#cloud-config\nusers:\n  - name: root\n    groups: sudo\n    shell: /bin/bash\n    sudo: 'ALL=(ALL) NOPASSWD:ALL'\n    ssh-authorized-keys:\n      - ssh-ed25519 AAAAC3NzaC1lZDI1NTE5AAAAIL5WKO7b4uwHPvf3cCmWxJR2s3QyICj4wj7XoEb9r+5t root@de4658e5ed3f\n\n\n# Установка hostname для каждой ВМ\nhostname: vm-05\n\n# Дополнительные команды, если необходимо\nruncmd:\n  - echo vm-05 \u003e /etc/hostname\n  - hostnamectl set-hostname vm-05\n"
            },
            "metadata_options": [
              {
                "aws_v1_http_endpoint": 1,
                "aws_v1_http_token": 2,
                "gce_http_endpoint": 1,
                "gce_http_token": 1
              }
            ],
            "name": "vm-05",
            "network_acceleration_type": "standard",
            "network_interface": [
              {
                "dns_record": [],
                "index": 0,
                "ip_address": "192.168.10.5",
                "ipv4": true,
                "ipv6": false,
                "ipv6_address": "",
                "ipv6_dns_record": [],
                "mac_address": "d0:0d:e7:81:17:dd",
                "nat": true,
                "nat_dns_record": [],
                "nat_ip_address": "89.169.157.7",
                "nat_ip_version": "IPV4",
                "security_group_ids": [],
                "subnet_id": "e9bsdtj7vme4iddaq7qb"
              }
            ],
            "placement_policy": [
              {
                "host_affinity_rules": [],
                "placement_group_id": "",
                "placement_group_partition": 0
              }
            ],
            "platform_id": "standard-v1",
            "resources": [
              {
                "core_fraction": 100,
                "cores": 2,
                "gpus": 0,
                "memory": 8
              }
            ],
            "scheduling_policy": [
              {
                "preemptible": true
              }
            ],
            "secondary_disk": [],
            "service_account_id": "",
            "status": "running",
            "timeouts": null,
            "zone": "ru-central1-a"
          },
          "sensitive_attributes": [],
          "private": "eyJlMmJmYjczMC1lY2FhLTExZTYtOGY4OC0zNDM2M2JjN2M0YzAiOnsiY3JlYXRlIjozMDAwMDAwMDAwMDAsImRlbGV0ZSI6MzAwMDAwMDAwMDAwLCJ1cGRhdGUiOjMwMDAwMDAwMDAwMH0sInNjaGVtYV92ZXJzaW9uIjoiMSJ9"
        }
      ]
    },
    {
      "mode": "managed",
      "type": "yandex_compute_instance",
      "name": "group4",
      "provider": "provider[\"registry.terraform.io/yandex-cloud/yandex\"]",
      "instances": [
        {
          "index_key": "vm-6",
          "schema_version": 1,
          "attributes": {
            "allow_recreate": null,
            "allow_stopping_for_update": null,
            "boot_disk": [
              {
                "auto_delete": true,
                "device_name": "fhmdekjek1c6t5e1s1fs",
                "disk_id": "fhmdekjek1c6t5e1s1fs",
                "initialize_params": [
                  {
                    "block_size": 4096,
                    "description": "",
                    "image_id": "fd85bll745cg76f707mq",
                    "name": "vm-06-disk",
                    "size": 23,
                    "snapshot_id": "",
                    "type": "network-hdd"
                  }
                ],
                "mode": "READ_WRITE"
              }
            ],
            "created_at": "2024-10-05T05:11:01Z",
            "description": "Виртуальная машина vm-06",
            "filesystem": [],
            "folder_id": "b1gejb6026or4n703ioc",
            "fqdn": "fhml81juos050vo8f71p.auto.internal",
            "gpu_cluster_id": "",
            "hostname": "",
            "id": "fhml81juos050vo8f71p",
            "labels": {},
            "local_disk": [],
            "maintenance_grace_period": "",
            "maintenance_policy": null,
            "metadata": {
              "user-data": "#cloud-config\nusers:\n  - name: root\n    groups: sudo\n    shell: /bin/bash\n    sudo: 'ALL=(ALL) NOPASSWD:ALL'\n    ssh-authorized-keys:\n      - ssh-ed25519 AAAAC3NzaC1lZDI1NTE5AAAAIL5WKO7b4uwHPvf3cCmWxJR2s3QyICj4wj7XoEb9r+5t root@de4658e5ed3f\n\n\n# Установка hostname для каждой ВМ\nhostname: vm-06\n\n# Монтирование внешнего диска при загрузке\nmounts:\n  - [ /dev/vdb, /mnt/external-hdd-01-disk, ext4, \"defaults\", \"0\", \"0\" ]\n        \n\n# Команды для создания точки монтирования и форматирования диска (если необходимо)\n# Принудительная установка hostname\nruncmd:\n  - mkdir -p /mnt/external-hdd-01-disk\n  - if [ \"$(blkid -o value -s TYPE /dev/vdb)\" != \"ext4\" ]; then mkfs.ext4 /dev/vdb; fi\n  - mount /dev/vdb /mnt/external-hdd-01-disk\n  - echo \"/dev/vdb /mnt/external-hdd-01-disk ext4 defaults 0 0\" \u003e\u003e /etc/fstab        \n  - echo vm-06 \u003e /etc/hostname\n  - hostnamectl set-hostname vm-06\n"
            },
            "metadata_options": [
              {
                "aws_v1_http_endpoint": 1,
                "aws_v1_http_token": 2,
                "gce_http_endpoint": 1,
                "gce_http_token": 1
              }
            ],
            "name": "vm-06",
            "network_acceleration_type": "standard",
            "network_interface": [
              {
                "dns_record": [],
                "index": 0,
                "ip_address": "192.168.10.35",
                "ipv4": true,
                "ipv6": false,
                "ipv6_address": "",
                "ipv6_dns_record": [],
                "mac_address": "d0:0d:15:40:67:ec",
                "nat": true,
                "nat_dns_record": [],
                "nat_ip_address": "62.84.117.139",
                "nat_ip_version": "IPV4",
                "security_group_ids": [],
                "subnet_id": "e9bsdtj7vme4iddaq7qb"
              }
            ],
            "placement_policy": [
              {
                "host_affinity_rules": [],
                "placement_group_id": "",
                "placement_group_partition": 0
              }
            ],
            "platform_id": "standard-v1",
            "resources": [
              {
                "core_fraction": 100,
                "cores": 2,
                "gpus": 0,
                "memory": 8
              }
            ],
            "scheduling_policy": [
              {
                "preemptible": true
              }
            ],
            "secondary_disk": [
              {
                "auto_delete": false,
                "device_name": "fhm1gdkiitco2kqmp0na",
                "disk_id": "fhm1gdkiitco2kqmp0na",
                "mode": "READ_WRITE"
              }
            ],
            "service_account_id": "",
            "status": "running",
            "timeouts": null,
            "zone": "ru-central1-a"
          },
          "sensitive_attributes": [],
          "private": "eyJlMmJmYjczMC1lY2FhLTExZTYtOGY4OC0zNDM2M2JjN2M0YzAiOnsiY3JlYXRlIjozMDAwMDAwMDAwMDAsImRlbGV0ZSI6MzAwMDAwMDAwMDAwLCJ1cGRhdGUiOjMwMDAwMDAwMDAwMH0sInNjaGVtYV92ZXJzaW9uIjoiMSJ9",
          "dependencies": [
            "yandex_compute_disk.group5"
          ]
        }
      ]
    }
  ],
  "check_results": null
}
