{
  "version": 4,
  "terraform_version": "1.5.7",
  "serial": 117,
  "lineage": "438ef85a-cbfc-bb52-0423-e4bc185b205c",
  "outputs": {
    "group1_vm_ip": {
      "value": {
        "vm-2": "192.168.10.16",
        "vm-3": "192.168.10.12"
      },
      "type": [
        "object",
        {
          "vm-2": "string",
          "vm-3": "string"
        }
      ]
    },
    "group1_vm_nat_ip": {
      "value": {
        "vm-2": "51.250.76.52",
        "vm-3": "89.169.144.26"
      },
      "type": [
        "object",
        {
          "vm-2": "string",
          "vm-3": "string"
        }
      ]
    },
    "group2_vm_ip": {
      "value": {
        "vm-4": "192.168.10.14"
      },
      "type": [
        "object",
        {
          "vm-4": "string"
        }
      ]
    },
    "group2_vm_nat_ip": {
      "value": {
        "vm-4": ""
      },
      "type": [
        "object",
        {
          "vm-4": "string"
        }
      ]
    },
    "group3_vm_ip": {
      "value": {
        "vm-5": "192.168.10.24"
      },
      "type": [
        "object",
        {
          "vm-5": "string"
        }
      ]
    },
    "group3_vm_nat_ip": {
      "value": {
        "vm-5": ""
      },
      "type": [
        "object",
        {
          "vm-5": "string"
        }
      ]
    },
    "group4_vm_ip": {
      "value": {
        "vm-6": "192.168.10.28"
      },
      "type": [
        "object",
        {
          "vm-6": "string"
        }
      ]
    },
    "group4_vm_nat_ip": {
      "value": {
        "vm-6": ""
      },
      "type": [
        "object",
        {
          "vm-6": "string"
        }
      ]
    }
  },
  "resources": [
    {
      "mode": "managed",
      "type": "yandex_compute_disk",
      "name": "group5",
      "provider": "provider[\"registry.terraform.io/yandex-cloud/yandex\"]",
      "instances": [
        {
          "index_key": "hdd-1",
          "schema_version": 0,
          "attributes": {
            "allow_recreate": null,
            "block_size": 4096,
            "created_at": "2024-10-05T05:10:48Z",
            "description": "",
            "disk_placement_policy": [
              {
                "disk_placement_group_id": ""
              }
            ],
            "folder_id": "b1gejb6026or4n703ioc",
            "id": "fhm1gdkiitco2kqmp0na",
            "image_id": "",
            "labels": {},
            "name": "hdd-01-disk",
            "product_ids": [],
            "size": 24,
            "snapshot_id": "",
            "status": "ready",
            "timeouts": null,
            "type": "network-hdd",
            "zone": "ru-central1-a"
          },
          "sensitive_attributes": [],
          "private": "eyJlMmJmYjczMC1lY2FhLTExZTYtOGY4OC0zNDM2M2JjN2M0YzAiOnsiY3JlYXRlIjozMDAwMDAwMDAwMDAsImRlbGV0ZSI6MzAwMDAwMDAwMDAwLCJ1cGRhdGUiOjMwMDAwMDAwMDAwMH19"
        }
      ]
    },
    {
      "mode": "managed",
      "type": "yandex_compute_instance",
      "name": "group1",
      "provider": "provider[\"registry.terraform.io/yandex-cloud/yandex\"]",
      "instances": [
        {
          "index_key": "vm-2",
          "schema_version": 1,
          "attributes": {
            "allow_recreate": null,
            "allow_stopping_for_update": null,
            "boot_disk": [
              {
                "auto_delete": true,
                "device_name": "fhmpgj5ltefa1p0dpglc",
                "disk_id": "fhmpgj5ltefa1p0dpglc",
                "initialize_params": [
                  {
                    "block_size": 4096,
                    "description": "",
                    "image_id": "fd8903kfblsnlo483hoj",
                    "name": "vm-02-disk",
                    "size": 21,
                    "snapshot_id": "",
                    "type": "network-hdd"
                  }
                ],
                "mode": "READ_WRITE"
              }
            ],
            "created_at": "2024-10-05T11:12:30Z",
            "description": "Виртуальная машина vm-02",
            "filesystem": [],
            "folder_id": "b1gejb6026or4n703ioc",
            "fqdn": "fhm2tp5lkjkam5o4h8va.auto.internal",
            "gpu_cluster_id": "",
            "hostname": "",
            "id": "fhm2tp5lkjkam5o4h8va",
            "labels": {},
            "local_disk": [],
            "maintenance_grace_period": "",
            "maintenance_policy": null,
            "metadata": {
              "serial-port-enable": "0",
              "user-data": "#cloud-config\nusers:\n  - name: root\n    groups: sudo\n    shell: /bin/bash\n    sudo: 'ALL=(ALL) NOPASSWD:ALL'\n    ssh-authorized-keys:\n      - ssh-ed25519 AAAAC3NzaC1lZDI1NTE5AAAAIL5WKO7b4uwHPvf3cCmWxJR2s3QyICj4wj7XoEb9r+5t root@de4658e5ed3f\n      -  ssh-rsa AAAAB3NzaC1yc2EAAAADAQABAAABAQCnsaaEGnoHOeblJCLxYa1wnn726tjeXbnYWFqqtyNzuqub04h7sKelrrVce8M7hMJgRVZFNvuExcKDkONRR2OO9K4N+aB3cPPEnOOJ+UQNdb1U/k1T+0OYPtEvNCfFOkCSuZiClPLmGTLuMS1CkQiNowxrG32TCTTIeGeqkFJW7LnWCIhg3Xyu116a9YVPg54ZkJ/A0l5b7mF6HvLw/oO5ztXNceohD8DtXHIc2UYOdzdZJIXOBl1RE6xLC4y25Nx2njJFo5ipuZyADpzmAjTW1f9sGAxOXJSilaMcqBaWWkWvsJQt12UqYFIk1/MqsJX6iQBE5D+05mMXzdrBpldb rsa-key-20240327\n\n\n# Установка hostname для каждой ВМ\nhostname: vm-02\n\n# Дополнительные команды, если необходимо\nruncmd:\n  - echo vm-02 \u003e /etc/hostname\n  - hostnamectl set-hostname vm-02\n"
            },
            "metadata_options": [
              {
                "aws_v1_http_endpoint": 1,
                "aws_v1_http_token": 2,
                "gce_http_endpoint": 1,
                "gce_http_token": 1
              }
            ],
            "name": "vm-02",
            "network_acceleration_type": "standard",
            "network_interface": [
              {
                "dns_record": [],
                "index": 0,
                "ip_address": "192.168.10.16",
                "ipv4": true,
                "ipv6": false,
                "ipv6_address": "",
                "ipv6_dns_record": [],
                "mac_address": "d0:0d:2e:e4:b5:a4",
                "nat": true,
                "nat_dns_record": [],
                "nat_ip_address": "51.250.76.52",
                "nat_ip_version": "IPV4",
                "security_group_ids": [],
                "subnet_id": "e9bsdtj7vme4iddaq7qb"
              }
            ],
            "placement_policy": [
              {
                "host_affinity_rules": [],
                "placement_group_id": "",
                "placement_group_partition": 0
              }
            ],
            "platform_id": "standard-v1",
            "resources": [
              {
                "core_fraction": 100,
                "cores": 2,
                "gpus": 0,
                "memory": 4
              }
            ],
            "scheduling_policy": [
              {
                "preemptible": true
              }
            ],
            "secondary_disk": [],
            "service_account_id": "",
            "status": "running",
            "timeouts": null,
            "zone": "ru-central1-a"
          },
          "sensitive_attributes": [],
          "private": "eyJlMmJmYjczMC1lY2FhLTExZTYtOGY4OC0zNDM2M2JjN2M0YzAiOnsiY3JlYXRlIjozMDAwMDAwMDAwMDAsImRlbGV0ZSI6MzAwMDAwMDAwMDAwLCJ1cGRhdGUiOjMwMDAwMDAwMDAwMH0sInNjaGVtYV92ZXJzaW9uIjoiMSJ9"
        },
        {
          "index_key": "vm-3",
          "schema_version": 1,
          "attributes": {
            "allow_recreate": null,
            "allow_stopping_for_update": null,
            "boot_disk": [
              {
                "auto_delete": true,
                "device_name": "fhmdal6r7ofuioa6fb85",
                "disk_id": "fhmdal6r7ofuioa6fb85",
                "initialize_params": [
                  {
                    "block_size": 4096,
                    "description": "",
                    "image_id": "fd8903kfblsnlo483hoj",
                    "name": "vm-03-disk",
                    "size": 21,
                    "snapshot_id": "",
                    "type": "network-hdd"
                  }
                ],
                "mode": "READ_WRITE"
              }
            ],
            "created_at": "2024-10-05T11:12:30Z",
            "description": "Виртуальная машина vm-03",
            "filesystem": [],
            "folder_id": "b1gejb6026or4n703ioc",
            "fqdn": "fhmlh414b3pivosgdjo5.auto.internal",
            "gpu_cluster_id": "",
            "hostname": "",
            "id": "fhmlh414b3pivosgdjo5",
            "labels": {},
            "local_disk": [],
            "maintenance_grace_period": "",
            "maintenance_policy": null,
            "metadata": {
              "serial-port-enable": "0",
              "user-data": "#cloud-config\nusers:\n  - name: root\n    groups: sudo\n    shell: /bin/bash\n    sudo: 'ALL=(ALL) NOPASSWD:ALL'\n    ssh-authorized-keys:\n      - ssh-ed25519 AAAAC3NzaC1lZDI1NTE5AAAAIL5WKO7b4uwHPvf3cCmWxJR2s3QyICj4wj7XoEb9r+5t root@de4658e5ed3f\n      - ssh-rsa AAAAB3NzaC1yc2EAAAADAQABAAABAQCnsaaEGnoHOeblJCLxYa1wnn726tjeXbnYWFqqtyNzuqub04h7sKelrrVce8M7hMJgRVZFNvuExcKDkONRR2OO9K4N+aB3cPPEnOOJ+UQNdb1U/k1T+0OYPtEvNCfFOkCSuZiClPLmGTLuMS1CkQiNowxrG32TCTTIeGeqkFJW7LnWCIhg3Xyu116a9YVPg54ZkJ/A0l5b7mF6HvLw/oO5ztXNceohD8DtXHIc2UYOdzdZJIXOBl1RE6xLC4y25Nx2njJFo5ipuZyADpzmAjTW1f9sGAxOXJSilaMcqBaWWkWvsJQt12UqYFIk1/MqsJX6iQBE5D+05mMXzdrBpldb rsa-key-20240327\n\n\n# Установка hostname для каждой ВМ\nhostname: vm-03\n\n# Дополнительные команды, если необходимо\nruncmd:\n  - echo vm-03 \u003e /etc/hostname\n  - hostnamectl set-hostname vm-03\n"
            },
            "metadata_options": [
              {
                "aws_v1_http_endpoint": 1,
                "aws_v1_http_token": 2,
                "gce_http_endpoint": 1,
                "gce_http_token": 1
              }
            ],
            "name": "vm-03",
            "network_acceleration_type": "standard",
            "network_interface": [
              {
                "dns_record": [],
                "index": 0,
                "ip_address": "192.168.10.12",
                "ipv4": true,
                "ipv6": false,
                "ipv6_address": "",
                "ipv6_dns_record": [],
                "mac_address": "d0:0d:15:89:02:45",
                "nat": true,
                "nat_dns_record": [],
                "nat_ip_address": "89.169.144.26",
                "nat_ip_version": "IPV4",
                "security_group_ids": [],
                "subnet_id": "e9bsdtj7vme4iddaq7qb"
              }
            ],
            "placement_policy": [
              {
                "host_affinity_rules": [],
                "placement_group_id": "",
                "placement_group_partition": 0
              }
            ],
            "platform_id": "standard-v1",
            "resources": [
              {
                "core_fraction": 100,
                "cores": 2,
                "gpus": 0,
                "memory": 4
              }
            ],
            "scheduling_policy": [
              {
                "preemptible": true
              }
            ],
            "secondary_disk": [],
            "service_account_id": "",
            "status": "running",
            "timeouts": null,
            "zone": "ru-central1-a"
          },
          "sensitive_attributes": [],
          "private": "eyJlMmJmYjczMC1lY2FhLTExZTYtOGY4OC0zNDM2M2JjN2M0YzAiOnsiY3JlYXRlIjozMDAwMDAwMDAwMDAsImRlbGV0ZSI6MzAwMDAwMDAwMDAwLCJ1cGRhdGUiOjMwMDAwMDAwMDAwMH0sInNjaGVtYV92ZXJzaW9uIjoiMSJ9"
        }
      ]
    },
    {
      "mode": "managed",
      "type": "yandex_compute_instance",
      "name": "group2",
      "provider": "provider[\"registry.terraform.io/yandex-cloud/yandex\"]",
      "instances": [
        {
          "index_key": "vm-4",
          "schema_version": 1,
          "attributes": {
            "allow_recreate": null,
            "allow_stopping_for_update": null,
            "boot_disk": [
              {
                "auto_delete": true,
                "device_name": "fhm3jglgeg5gt1bn9p7f",
                "disk_id": "fhm3jglgeg5gt1bn9p7f",
                "initialize_params": [
                  {
                    "block_size": 4096,
                    "description": "",
                    "image_id": "fd8903kfblsnlo483hoj",
                    "name": "vm-04-disk",
                    "size": 22,
                    "snapshot_id": "",
                    "type": "network-hdd"
                  }
                ],
                "mode": "READ_WRITE"
              }
            ],
            "created_at": "2024-10-05T11:12:30Z",
            "description": "Виртуальная машина vm-04",
            "filesystem": [],
            "folder_id": "b1gejb6026or4n703ioc",
            "fqdn": "fhmr2ak9q74bdjnefnk2.auto.internal",
            "gpu_cluster_id": "",
            "hostname": "",
            "id": "fhmr2ak9q74bdjnefnk2",
            "labels": {},
            "local_disk": [],
            "maintenance_grace_period": "",
            "maintenance_policy": null,
            "metadata": {
              "user-data": "#cloud-config\nusers:\n  - name: root\n    groups: sudo\n    shell: /bin/bash\n    sudo: 'ALL=(ALL) NOPASSWD:ALL'\n    ssh-authorized-keys:\n      - ssh-ed25519 AAAAC3NzaC1lZDI1NTE5AAAAIL5WKO7b4uwHPvf3cCmWxJR2s3QyICj4wj7XoEb9r+5t root@de4658e5ed3f\n\n\n# Установка hostname для каждой ВМ\nhostname: vm-04\n\n# Дополнительные команды, если необходимо\nruncmd:\n  - echo vm-04 \u003e /etc/hostname\n  - hostnamectl set-hostname vm-04\n"
            },
            "metadata_options": [
              {
                "aws_v1_http_endpoint": 1,
                "aws_v1_http_token": 2,
                "gce_http_endpoint": 1,
                "gce_http_token": 1
              }
            ],
            "name": "vm-04",
            "network_acceleration_type": "standard",
            "network_interface": [
              {
                "dns_record": [],
                "index": 0,
                "ip_address": "192.168.10.14",
                "ipv4": true,
                "ipv6": false,
                "ipv6_address": "",
                "ipv6_dns_record": [],
                "mac_address": "d0:0d:1b:12:a8:9d",
                "nat": true,
                "nat_dns_record": [],
                "nat_ip_address": "",
                "nat_ip_version": "IPV4",
                "security_group_ids": [],
                "subnet_id": "e9bsdtj7vme4iddaq7qb"
              }
            ],
            "placement_policy": [
              {
                "host_affinity_rules": [],
                "placement_group_id": "",
                "placement_group_partition": 0
              }
            ],
            "platform_id": "standard-v1",
            "resources": [
              {
                "core_fraction": 100,
                "cores": 2,
                "gpus": 0,
                "memory": 4
              }
            ],
            "scheduling_policy": [
              {
                "preemptible": true
              }
            ],
            "secondary_disk": [],
            "service_account_id": "",
            "status": "stopped",
            "timeouts": null,
            "zone": "ru-central1-a"
          },
          "sensitive_attributes": [],
          "private": "eyJlMmJmYjczMC1lY2FhLTExZTYtOGY4OC0zNDM2M2JjN2M0YzAiOnsiY3JlYXRlIjozMDAwMDAwMDAwMDAsImRlbGV0ZSI6MzAwMDAwMDAwMDAwLCJ1cGRhdGUiOjMwMDAwMDAwMDAwMH0sInNjaGVtYV92ZXJzaW9uIjoiMSJ9"
        }
      ]
    },
    {
      "mode": "managed",
      "type": "yandex_compute_instance",
      "name": "group3",
      "provider": "provider[\"registry.terraform.io/yandex-cloud/yandex\"]",
      "instances": [
        {
          "index_key": "vm-5",
          "schema_version": 1,
          "attributes": {
            "allow_recreate": null,
            "allow_stopping_for_update": null,
            "boot_disk": [
              {
                "auto_delete": true,
                "device_name": "fhm60bgdu9psrdki0gld",
                "disk_id": "fhm60bgdu9psrdki0gld",
                "initialize_params": [
                  {
                    "block_size": 4096,
                    "description": "",
                    "image_id": "fd8903kfblsnlo483hoj",
                    "name": "vm-05-disk",
                    "size": 23,
                    "snapshot_id": "",
                    "type": "network-hdd"
                  }
                ],
                "mode": "READ_WRITE"
              }
            ],
            "created_at": "2024-10-05T11:12:30Z",
            "description": "Виртуальная машина vm-05",
            "filesystem": [],
            "folder_id": "b1gejb6026or4n703ioc",
            "fqdn": "fhmk4lfr14q89chj6mpj.auto.internal",
            "gpu_cluster_id": "",
            "hostname": "",
            "id": "fhmk4lfr14q89chj6mpj",
            "labels": {},
            "local_disk": [],
            "maintenance_grace_period": "",
            "maintenance_policy": null,
            "metadata": {
              "user-data": "#cloud-config\nusers:\n  - name: root\n    groups: sudo\n    shell: /bin/bash\n    sudo: 'ALL=(ALL) NOPASSWD:ALL'\n    ssh-authorized-keys:\n      - ssh-ed25519 AAAAC3NzaC1lZDI1NTE5AAAAIL5WKO7b4uwHPvf3cCmWxJR2s3QyICj4wj7XoEb9r+5t root@de4658e5ed3f\n\n\n# Установка hostname для каждой ВМ\nhostname: vm-05\n\n# Дополнительные команды, если необходимо\nruncmd:\n  - echo vm-05 \u003e /etc/hostname\n  - hostnamectl set-hostname vm-05\n"
            },
            "metadata_options": [
              {
                "aws_v1_http_endpoint": 1,
                "aws_v1_http_token": 2,
                "gce_http_endpoint": 1,
                "gce_http_token": 1
              }
            ],
            "name": "vm-05",
            "network_acceleration_type": "standard",
            "network_interface": [
              {
                "dns_record": [],
                "index": 0,
                "ip_address": "192.168.10.24",
                "ipv4": true,
                "ipv6": false,
                "ipv6_address": "",
                "ipv6_dns_record": [],
                "mac_address": "d0:0d:14:25:5f:b0",
                "nat": true,
                "nat_dns_record": [],
                "nat_ip_address": "",
                "nat_ip_version": "IPV4",
                "security_group_ids": [],
                "subnet_id": "e9bsdtj7vme4iddaq7qb"
              }
            ],
            "placement_policy": [
              {
                "host_affinity_rules": [],
                "placement_group_id": "",
                "placement_group_partition": 0
              }
            ],
            "platform_id": "standard-v1",
            "resources": [
              {
                "core_fraction": 100,
                "cores": 2,
                "gpus": 0,
                "memory": 8
              }
            ],
            "scheduling_policy": [
              {
                "preemptible": true
              }
            ],
            "secondary_disk": [],
            "service_account_id": "",
            "status": "stopped",
            "timeouts": null,
            "zone": "ru-central1-a"
          },
          "sensitive_attributes": [],
          "private": "eyJlMmJmYjczMC1lY2FhLTExZTYtOGY4OC0zNDM2M2JjN2M0YzAiOnsiY3JlYXRlIjozMDAwMDAwMDAwMDAsImRlbGV0ZSI6MzAwMDAwMDAwMDAwLCJ1cGRhdGUiOjMwMDAwMDAwMDAwMH0sInNjaGVtYV92ZXJzaW9uIjoiMSJ9"
        }
      ]
    },
    {
      "mode": "managed",
      "type": "yandex_compute_instance",
      "name": "group4",
      "provider": "provider[\"registry.terraform.io/yandex-cloud/yandex\"]",
      "instances": [
        {
          "index_key": "vm-6",
          "schema_version": 1,
          "attributes": {
            "allow_recreate": null,
            "allow_stopping_for_update": null,
            "boot_disk": [
              {
                "auto_delete": true,
                "device_name": "fhmg0dll57i38918ka5j",
                "disk_id": "fhmg0dll57i38918ka5j",
                "initialize_params": [
                  {
                    "block_size": 4096,
                    "description": "",
                    "image_id": "fd8903kfblsnlo483hoj",
                    "name": "vm-06-disk",
                    "size": 23,
                    "snapshot_id": "",
                    "type": "network-hdd"
                  }
                ],
                "mode": "READ_WRITE"
              }
            ],
            "created_at": "2024-10-05T11:12:30Z",
            "description": "Виртуальная машина vm-06",
            "filesystem": [],
            "folder_id": "b1gejb6026or4n703ioc",
            "fqdn": "fhme64adlamq671l66if.auto.internal",
            "gpu_cluster_id": "",
            "hostname": "",
            "id": "fhme64adlamq671l66if",
            "labels": {},
            "local_disk": [],
            "maintenance_grace_period": "",
            "maintenance_policy": null,
            "metadata": {
              "user-data": "#cloud-config\nusers:\n  - name: root\n    groups: sudo\n    shell: /bin/bash\n    sudo: 'ALL=(ALL) NOPASSWD:ALL'\n    ssh-authorized-keys:\n      - ssh-ed25519 AAAAC3NzaC1lZDI1NTE5AAAAIL5WKO7b4uwHPvf3cCmWxJR2s3QyICj4wj7XoEb9r+5t root@de4658e5ed3f\n\n\n# Установка hostname для каждой ВМ\nhostname: vm-06\n\n# Монтирование внешнего диска при загрузке\nmounts:\n  - [ /dev/vdb, /mnt/external-hdd-01-disk, ext4, \"defaults\", \"0\", \"0\" ]\n        \n\n# Команды для создания точки монтирования и форматирования диска (если необходимо)\n# Принудительная установка hostname\nruncmd:\n  - mkdir -p /mnt/external-hdd-01-disk\n  - if [ \"$(blkid -o value -s TYPE /dev/vdb)\" != \"ext4\" ]; then mkfs.ext4 /dev/vdb; fi\n  - mount /dev/vdb /mnt/external-hdd-01-disk\n  - echo \"/dev/vdb /mnt/external-hdd-01-disk ext4 defaults 0 0\" \u003e\u003e /etc/fstab        \n  - echo vm-06 \u003e /etc/hostname\n  - hostnamectl set-hostname vm-06\n"
            },
            "metadata_options": [
              {
                "aws_v1_http_endpoint": 1,
                "aws_v1_http_token": 2,
                "gce_http_endpoint": 1,
                "gce_http_token": 1
              }
            ],
            "name": "vm-06",
            "network_acceleration_type": "standard",
            "network_interface": [
              {
                "dns_record": [],
                "index": 0,
                "ip_address": "192.168.10.28",
                "ipv4": true,
                "ipv6": false,
                "ipv6_address": "",
                "ipv6_dns_record": [],
                "mac_address": "d0:0d:e3:11:4d:aa",
                "nat": true,
                "nat_dns_record": [],
                "nat_ip_address": "",
                "nat_ip_version": "IPV4",
                "security_group_ids": [],
                "subnet_id": "e9bsdtj7vme4iddaq7qb"
              }
            ],
            "placement_policy": [
              {
                "host_affinity_rules": [],
                "placement_group_id": "",
                "placement_group_partition": 0
              }
            ],
            "platform_id": "standard-v1",
            "resources": [
              {
                "core_fraction": 100,
                "cores": 2,
                "gpus": 0,
                "memory": 8
              }
            ],
            "scheduling_policy": [
              {
                "preemptible": true
              }
            ],
            "secondary_disk": [
              {
                "auto_delete": false,
                "device_name": "fhm1gdkiitco2kqmp0na",
                "disk_id": "fhm1gdkiitco2kqmp0na",
                "mode": "READ_WRITE"
              }
            ],
            "service_account_id": "",
            "status": "stopped",
            "timeouts": null,
            "zone": "ru-central1-a"
          },
          "sensitive_attributes": [],
          "private": "eyJlMmJmYjczMC1lY2FhLTExZTYtOGY4OC0zNDM2M2JjN2M0YzAiOnsiY3JlYXRlIjozMDAwMDAwMDAwMDAsImRlbGV0ZSI6MzAwMDAwMDAwMDAwLCJ1cGRhdGUiOjMwMDAwMDAwMDAwMH0sInNjaGVtYV92ZXJzaW9uIjoiMSJ9",
          "dependencies": [
            "yandex_compute_disk.group5"
          ]
        }
      ]
    }
  ],
  "check_results": null
}
