{
  "version": 4,
  "terraform_version": "1.5.7",
  "serial": 75,
  "lineage": "438ef85a-cbfc-bb52-0423-e4bc185b205c",
  "outputs": {
    "group1_vm_ip": {
      "value": {
        "vm-2": "192.168.10.37",
        "vm-3": "192.168.10.6"
      },
      "type": [
        "object",
        {
          "vm-2": "string",
          "vm-3": "string"
        }
      ]
    },
    "group1_vm_nat_ip": {
      "value": {
        "vm-2": "89.169.142.136",
        "vm-3": "89.169.157.141"
      },
      "type": [
        "object",
        {
          "vm-2": "string",
          "vm-3": "string"
        }
      ]
    },
    "group2_vm_ip": {
      "value": {
        "vm-4": "192.168.10.33"
      },
      "type": [
        "object",
        {
          "vm-4": "string"
        }
      ]
    },
    "group2_vm_nat_ip": {
      "value": {
        "vm-4": "89.169.134.28"
      },
      "type": [
        "object",
        {
          "vm-4": "string"
        }
      ]
    },
    "group3_vm_ip": {
      "value": {
        "vm-5": "192.168.10.30"
      },
      "type": [
        "object",
        {
          "vm-5": "string"
        }
      ]
    },
    "group3_vm_nat_ip": {
      "value": {
        "vm-5": "89.169.154.222"
      },
      "type": [
        "object",
        {
          "vm-5": "string"
        }
      ]
    },
    "group4_vm_ip": {
      "value": {
        "vm-6": "192.168.10.31"
      },
      "type": [
        "object",
        {
          "vm-6": "string"
        }
      ]
    },
    "group4_vm_nat_ip": {
      "value": {
        "vm-6": "89.169.139.193"
      },
      "type": [
        "object",
        {
          "vm-6": "string"
        }
      ]
    }
  },
  "resources": [
    {
      "mode": "managed",
      "type": "yandex_compute_disk",
      "name": "group5",
      "provider": "provider[\"registry.terraform.io/yandex-cloud/yandex\"]",
      "instances": [
        {
          "index_key": "hdd-1",
          "schema_version": 0,
          "attributes": {
            "allow_recreate": null,
            "block_size": 4096,
            "created_at": "2024-10-02T16:49:49Z",
            "description": "",
            "disk_placement_policy": [
              {
                "disk_placement_group_id": ""
              }
            ],
            "folder_id": "b1gejb6026or4n703ioc",
            "id": "fhmo04rpg0e5agbcuojh",
            "image_id": "",
            "labels": {},
            "name": "hdd-01-disk",
            "product_ids": [],
            "size": 24,
            "snapshot_id": "",
            "status": "ready",
            "timeouts": null,
            "type": "network-hdd",
            "zone": "ru-central1-a"
          },
          "sensitive_attributes": [],
          "private": "eyJlMmJmYjczMC1lY2FhLTExZTYtOGY4OC0zNDM2M2JjN2M0YzAiOnsiY3JlYXRlIjozMDAwMDAwMDAwMDAsImRlbGV0ZSI6MzAwMDAwMDAwMDAwLCJ1cGRhdGUiOjMwMDAwMDAwMDAwMH19"
        }
      ]
    },
    {
      "mode": "managed",
      "type": "yandex_compute_instance",
      "name": "group1",
      "provider": "provider[\"registry.terraform.io/yandex-cloud/yandex\"]",
      "instances": [
        {
          "index_key": "vm-2",
          "schema_version": 1,
          "attributes": {
            "allow_recreate": null,
            "allow_stopping_for_update": null,
            "boot_disk": [
              {
                "auto_delete": true,
                "device_name": "fhmn8g09e3m9ck3tp2vl",
                "disk_id": "fhmn8g09e3m9ck3tp2vl",
                "initialize_params": [
                  {
                    "block_size": 4096,
                    "description": "",
                    "image_id": "fd85bll745cg76f707mq",
                    "name": "vm-02-disk",
                    "size": 21,
                    "snapshot_id": "",
                    "type": "network-hdd"
                  }
                ],
                "mode": "READ_WRITE"
              }
            ],
            "created_at": "2024-10-02T16:49:50Z",
            "description": "Виртуальная машина vm-02",
            "filesystem": [],
            "folder_id": "b1gejb6026or4n703ioc",
            "fqdn": "fhmq0klmbj23fsvb3pkp.auto.internal",
            "gpu_cluster_id": "",
            "hostname": "",
            "id": "fhmq0klmbj23fsvb3pkp",
            "labels": {},
            "local_disk": [],
            "maintenance_grace_period": "",
            "maintenance_policy": null,
            "metadata": {
              "user-data": "#cloud-config\nusers:\n  - name: root\n    groups: sudo\n    shell: /bin/bash\n    sudo: 'ALL=(ALL) NOPASSWD:ALL'\n    ssh-authorized-keys:\n      - ssh-ed25519 AAAAC3NzaC1lZDI1NTE5AAAAIL5WKO7b4uwHPvf3cCmWxJR2s3QyICj4wj7XoEb9r+5t root@de4658e5ed3f\n\n# Установка hostname для каждой ВМ\nhostname: vm-02\n\n# Дополнительные команды, если необходимо\nruncmd:\n  - echo vm-02 \u003e /etc/hostname\n  - hostnamectl set-hostname vm-02\n"
            },
            "metadata_options": [
              {
                "aws_v1_http_endpoint": 1,
                "aws_v1_http_token": 2,
                "gce_http_endpoint": 1,
                "gce_http_token": 1
              }
            ],
            "name": "vm-02",
            "network_acceleration_type": "standard",
            "network_interface": [
              {
                "dns_record": [],
                "index": 0,
                "ip_address": "192.168.10.37",
                "ipv4": true,
                "ipv6": false,
                "ipv6_address": "",
                "ipv6_dns_record": [],
                "mac_address": "d0:0d:1a:05:2b:65",
                "nat": true,
                "nat_dns_record": [],
                "nat_ip_address": "89.169.142.136",
                "nat_ip_version": "IPV4",
                "security_group_ids": [],
                "subnet_id": "e9bsdtj7vme4iddaq7qb"
              }
            ],
            "placement_policy": [
              {
                "host_affinity_rules": [],
                "placement_group_id": "",
                "placement_group_partition": 0
              }
            ],
            "platform_id": "standard-v1",
            "resources": [
              {
                "core_fraction": 100,
                "cores": 2,
                "gpus": 0,
                "memory": 4
              }
            ],
            "scheduling_policy": [
              {
                "preemptible": true
              }
            ],
            "secondary_disk": [],
            "service_account_id": "",
            "status": "running",
            "timeouts": null,
            "zone": "ru-central1-a"
          },
          "sensitive_attributes": [],
          "private": "eyJlMmJmYjczMC1lY2FhLTExZTYtOGY4OC0zNDM2M2JjN2M0YzAiOnsiY3JlYXRlIjozMDAwMDAwMDAwMDAsImRlbGV0ZSI6MzAwMDAwMDAwMDAwLCJ1cGRhdGUiOjMwMDAwMDAwMDAwMH0sInNjaGVtYV92ZXJzaW9uIjoiMSJ9"
        },
        {
          "index_key": "vm-3",
          "schema_version": 1,
          "attributes": {
            "allow_recreate": null,
            "allow_stopping_for_update": null,
            "boot_disk": [
              {
                "auto_delete": true,
                "device_name": "fhmh1enuh5p2119scio4",
                "disk_id": "fhmh1enuh5p2119scio4",
                "initialize_params": [
                  {
                    "block_size": 4096,
                    "description": "",
                    "image_id": "fd85bll745cg76f707mq",
                    "name": "vm-03-disk",
                    "size": 21,
                    "snapshot_id": "",
                    "type": "network-hdd"
                  }
                ],
                "mode": "READ_WRITE"
              }
            ],
            "created_at": "2024-10-02T16:49:50Z",
            "description": "Виртуальная машина vm-03",
            "filesystem": [],
            "folder_id": "b1gejb6026or4n703ioc",
            "fqdn": "fhm8s0cq8uu9k5677g65.auto.internal",
            "gpu_cluster_id": "",
            "hostname": "",
            "id": "fhm8s0cq8uu9k5677g65",
            "labels": {},
            "local_disk": [],
            "maintenance_grace_period": "",
            "maintenance_policy": null,
            "metadata": {
              "user-data": "#cloud-config\nusers:\n  - name: root\n    groups: sudo\n    shell: /bin/bash\n    sudo: 'ALL=(ALL) NOPASSWD:ALL'\n    ssh-authorized-keys:\n      - ssh-ed25519 AAAAC3NzaC1lZDI1NTE5AAAAIL5WKO7b4uwHPvf3cCmWxJR2s3QyICj4wj7XoEb9r+5t root@de4658e5ed3f\n\n# Установка hostname для каждой ВМ\nhostname: vm-03\n\n# Дополнительные команды, если необходимо\nruncmd:\n  - echo vm-03 \u003e /etc/hostname\n  - hostnamectl set-hostname vm-03\n"
            },
            "metadata_options": [
              {
                "aws_v1_http_endpoint": 1,
                "aws_v1_http_token": 2,
                "gce_http_endpoint": 1,
                "gce_http_token": 1
              }
            ],
            "name": "vm-03",
            "network_acceleration_type": "standard",
            "network_interface": [
              {
                "dns_record": [],
                "index": 0,
                "ip_address": "192.168.10.6",
                "ipv4": true,
                "ipv6": false,
                "ipv6_address": "",
                "ipv6_dns_record": [],
                "mac_address": "d0:0d:8e:01:9a:47",
                "nat": true,
                "nat_dns_record": [],
                "nat_ip_address": "89.169.157.141",
                "nat_ip_version": "IPV4",
                "security_group_ids": [],
                "subnet_id": "e9bsdtj7vme4iddaq7qb"
              }
            ],
            "placement_policy": [
              {
                "host_affinity_rules": [],
                "placement_group_id": "",
                "placement_group_partition": 0
              }
            ],
            "platform_id": "standard-v1",
            "resources": [
              {
                "core_fraction": 100,
                "cores": 2,
                "gpus": 0,
                "memory": 4
              }
            ],
            "scheduling_policy": [
              {
                "preemptible": true
              }
            ],
            "secondary_disk": [],
            "service_account_id": "",
            "status": "running",
            "timeouts": null,
            "zone": "ru-central1-a"
          },
          "sensitive_attributes": [],
          "private": "eyJlMmJmYjczMC1lY2FhLTExZTYtOGY4OC0zNDM2M2JjN2M0YzAiOnsiY3JlYXRlIjozMDAwMDAwMDAwMDAsImRlbGV0ZSI6MzAwMDAwMDAwMDAwLCJ1cGRhdGUiOjMwMDAwMDAwMDAwMH0sInNjaGVtYV92ZXJzaW9uIjoiMSJ9"
        }
      ]
    },
    {
      "mode": "managed",
      "type": "yandex_compute_instance",
      "name": "group2",
      "provider": "provider[\"registry.terraform.io/yandex-cloud/yandex\"]",
      "instances": [
        {
          "index_key": "vm-4",
          "schema_version": 1,
          "attributes": {
            "allow_recreate": null,
            "allow_stopping_for_update": null,
            "boot_disk": [
              {
                "auto_delete": true,
                "device_name": "fhmg5uciar19cd3k3l1l",
                "disk_id": "fhmg5uciar19cd3k3l1l",
                "initialize_params": [
                  {
                    "block_size": 4096,
                    "description": "",
                    "image_id": "fd85bll745cg76f707mq",
                    "name": "vm-04-disk",
                    "size": 22,
                    "snapshot_id": "",
                    "type": "network-hdd"
                  }
                ],
                "mode": "READ_WRITE"
              }
            ],
            "created_at": "2024-10-02T16:49:50Z",
            "description": "Виртуальная машина vm-04",
            "filesystem": [],
            "folder_id": "b1gejb6026or4n703ioc",
            "fqdn": "fhmhb4mf82vh13shct8b.auto.internal",
            "gpu_cluster_id": "",
            "hostname": "",
            "id": "fhmhb4mf82vh13shct8b",
            "labels": {},
            "local_disk": [],
            "maintenance_grace_period": "",
            "maintenance_policy": null,
            "metadata": {
              "user-data": "#cloud-config\nusers:\n  - name: root\n    groups: sudo\n    shell: /bin/bash\n    sudo: 'ALL=(ALL) NOPASSWD:ALL'\n    ssh-authorized-keys:\n      - ssh-ed25519 AAAAC3NzaC1lZDI1NTE5AAAAIL5WKO7b4uwHPvf3cCmWxJR2s3QyICj4wj7XoEb9r+5t root@de4658e5ed3f\n\n# Установка hostname для каждой ВМ\nhostname: vm-04\n\n# Дополнительные команды, если необходимо\nruncmd:\n  - echo vm-04 \u003e /etc/hostname\n  - hostnamectl set-hostname vm-04\n"
            },
            "metadata_options": [
              {
                "aws_v1_http_endpoint": 1,
                "aws_v1_http_token": 2,
                "gce_http_endpoint": 1,
                "gce_http_token": 1
              }
            ],
            "name": "vm-04",
            "network_acceleration_type": "standard",
            "network_interface": [
              {
                "dns_record": [],
                "index": 0,
                "ip_address": "192.168.10.33",
                "ipv4": true,
                "ipv6": false,
                "ipv6_address": "",
                "ipv6_dns_record": [],
                "mac_address": "d0:0d:11:59:2c:f4",
                "nat": true,
                "nat_dns_record": [],
                "nat_ip_address": "89.169.134.28",
                "nat_ip_version": "IPV4",
                "security_group_ids": [],
                "subnet_id": "e9bsdtj7vme4iddaq7qb"
              }
            ],
            "placement_policy": [
              {
                "host_affinity_rules": [],
                "placement_group_id": "",
                "placement_group_partition": 0
              }
            ],
            "platform_id": "standard-v1",
            "resources": [
              {
                "core_fraction": 100,
                "cores": 2,
                "gpus": 0,
                "memory": 4
              }
            ],
            "scheduling_policy": [
              {
                "preemptible": true
              }
            ],
            "secondary_disk": [],
            "service_account_id": "",
            "status": "running",
            "timeouts": null,
            "zone": "ru-central1-a"
          },
          "sensitive_attributes": [],
          "private": "eyJlMmJmYjczMC1lY2FhLTExZTYtOGY4OC0zNDM2M2JjN2M0YzAiOnsiY3JlYXRlIjozMDAwMDAwMDAwMDAsImRlbGV0ZSI6MzAwMDAwMDAwMDAwLCJ1cGRhdGUiOjMwMDAwMDAwMDAwMH0sInNjaGVtYV92ZXJzaW9uIjoiMSJ9"
        }
      ]
    },
    {
      "mode": "managed",
      "type": "yandex_compute_instance",
      "name": "group3",
      "provider": "provider[\"registry.terraform.io/yandex-cloud/yandex\"]",
      "instances": [
        {
          "index_key": "vm-5",
          "schema_version": 1,
          "attributes": {
            "allow_recreate": null,
            "allow_stopping_for_update": null,
            "boot_disk": [
              {
                "auto_delete": true,
                "device_name": "fhm30afijert193i4lr7",
                "disk_id": "fhm30afijert193i4lr7",
                "initialize_params": [
                  {
                    "block_size": 4096,
                    "description": "",
                    "image_id": "fd85bll745cg76f707mq",
                    "name": "vm-05-disk",
                    "size": 23,
                    "snapshot_id": "",
                    "type": "network-hdd"
                  }
                ],
                "mode": "READ_WRITE"
              }
            ],
            "created_at": "2024-10-02T16:49:50Z",
            "description": "Виртуальная машина vm-05",
            "filesystem": [],
            "folder_id": "b1gejb6026or4n703ioc",
            "fqdn": "fhmno9hgbve6cttsru9m.auto.internal",
            "gpu_cluster_id": "",
            "hostname": "",
            "id": "fhmno9hgbve6cttsru9m",
            "labels": {},
            "local_disk": [],
            "maintenance_grace_period": "",
            "maintenance_policy": null,
            "metadata": {
              "user-data": "#cloud-config\nusers:\n  - name: root\n    groups: sudo\n    shell: /bin/bash\n    sudo: 'ALL=(ALL) NOPASSWD:ALL'\n    ssh-authorized-keys:\n      - ssh-ed25519 AAAAC3NzaC1lZDI1NTE5AAAAIL5WKO7b4uwHPvf3cCmWxJR2s3QyICj4wj7XoEb9r+5t root@de4658e5ed3f\n\n# Установка hostname для каждой ВМ\nhostname: vm-05\n\n# Дополнительные команды, если необходимо\nruncmd:\n  - echo vm-05 \u003e /etc/hostname\n  - hostnamectl set-hostname vm-05\n"
            },
            "metadata_options": [
              {
                "aws_v1_http_endpoint": 1,
                "aws_v1_http_token": 2,
                "gce_http_endpoint": 1,
                "gce_http_token": 1
              }
            ],
            "name": "vm-05",
            "network_acceleration_type": "standard",
            "network_interface": [
              {
                "dns_record": [],
                "index": 0,
                "ip_address": "192.168.10.30",
                "ipv4": true,
                "ipv6": false,
                "ipv6_address": "",
                "ipv6_dns_record": [],
                "mac_address": "d0:0d:17:c2:63:05",
                "nat": true,
                "nat_dns_record": [],
                "nat_ip_address": "89.169.154.222",
                "nat_ip_version": "IPV4",
                "security_group_ids": [],
                "subnet_id": "e9bsdtj7vme4iddaq7qb"
              }
            ],
            "placement_policy": [
              {
                "host_affinity_rules": [],
                "placement_group_id": "",
                "placement_group_partition": 0
              }
            ],
            "platform_id": "standard-v1",
            "resources": [
              {
                "core_fraction": 100,
                "cores": 2,
                "gpus": 0,
                "memory": 8
              }
            ],
            "scheduling_policy": [
              {
                "preemptible": true
              }
            ],
            "secondary_disk": [],
            "service_account_id": "",
            "status": "running",
            "timeouts": null,
            "zone": "ru-central1-a"
          },
          "sensitive_attributes": [],
          "private": "eyJlMmJmYjczMC1lY2FhLTExZTYtOGY4OC0zNDM2M2JjN2M0YzAiOnsiY3JlYXRlIjozMDAwMDAwMDAwMDAsImRlbGV0ZSI6MzAwMDAwMDAwMDAwLCJ1cGRhdGUiOjMwMDAwMDAwMDAwMH0sInNjaGVtYV92ZXJzaW9uIjoiMSJ9"
        }
      ]
    },
    {
      "mode": "managed",
      "type": "yandex_compute_instance",
      "name": "group4",
      "provider": "provider[\"registry.terraform.io/yandex-cloud/yandex\"]",
      "instances": [
        {
          "index_key": "vm-6",
          "schema_version": 1,
          "attributes": {
            "allow_recreate": null,
            "allow_stopping_for_update": null,
            "boot_disk": [
              {
                "auto_delete": true,
                "device_name": "fhm1ot2pn062im43ol2a",
                "disk_id": "fhm1ot2pn062im43ol2a",
                "initialize_params": [
                  {
                    "block_size": 4096,
                    "description": "",
                    "image_id": "fd85bll745cg76f707mq",
                    "name": "vm-06-disk",
                    "size": 23,
                    "snapshot_id": "",
                    "type": "network-hdd"
                  }
                ],
                "mode": "READ_WRITE"
              }
            ],
            "created_at": "2024-10-02T17:31:47Z",
            "description": "Виртуальная машина vm-06",
            "filesystem": [],
            "folder_id": "b1gejb6026or4n703ioc",
            "fqdn": "fhmh7ccuom1fgb06cjoq.auto.internal",
            "gpu_cluster_id": "",
            "hostname": "",
            "id": "fhmh7ccuom1fgb06cjoq",
            "labels": null,
            "local_disk": [],
            "maintenance_grace_period": "",
            "maintenance_policy": null,
            "metadata": {
              "user-data": "#cloud-config\nusers:\n  - name: root\n    groups: sudo\n    shell: /bin/bash\n    sudo: 'ALL=(ALL) NOPASSWD:ALL'\n    ssh-authorized-keys:\n      - ssh-ed25519 AAAAC3NzaC1lZDI1NTE5AAAAIL5WKO7b4uwHPvf3cCmWxJR2s3QyICj4wj7XoEb9r+5t root@de4658e5ed3f\n\n# Установка hostname для каждой ВМ\nhostname: vm-06\n\n# Монтирование внешнего диска при загрузке\nmounts:\n  - [ /dev/vdb, /mnt/external-yandex_compute_disk.group5[\"hdd-1\"].name, ext4, \"defaults\", \"0\", \"0\" ]\n        \n\n# Команды для создания точки монтирования и форматирования диска (если необходимо)\n# Принудительная установка hostname\nruncmd:\n  - mkdir -p /mnt/external-hdd-01-disk\n  - if [ \"$(blkid -o value -s TYPE /dev/vdb)\" != \"ext4\" ]; then mkfs.ext4 /dev/vdb; fi\n  - mount /dev/vdb /mnt/external-hdd-01-disk\n  - echo \"/dev/vdb /mnt/external-hdd-01-disk ext4 defaults 0 0\" \u003e\u003e /etc/fstab        \n  - echo vm-06 \u003e /etc/hostname\n  - hostnamectl set-hostname vm-06\n"
            },
            "metadata_options": [
              {
                "aws_v1_http_endpoint": 1,
                "aws_v1_http_token": 2,
                "gce_http_endpoint": 1,
                "gce_http_token": 1
              }
            ],
            "name": "vm-06",
            "network_acceleration_type": "standard",
            "network_interface": [
              {
                "dns_record": [],
                "index": 0,
                "ip_address": "192.168.10.31",
                "ipv4": true,
                "ipv6": false,
                "ipv6_address": "",
                "ipv6_dns_record": [],
                "mac_address": "d0:0d:11:3b:19:ec",
                "nat": true,
                "nat_dns_record": [],
                "nat_ip_address": "89.169.139.193",
                "nat_ip_version": "IPV4",
                "security_group_ids": [],
                "subnet_id": "e9bsdtj7vme4iddaq7qb"
              }
            ],
            "placement_policy": [
              {
                "host_affinity_rules": [],
                "placement_group_id": "",
                "placement_group_partition": 0
              }
            ],
            "platform_id": "standard-v1",
            "resources": [
              {
                "core_fraction": 100,
                "cores": 2,
                "gpus": 0,
                "memory": 8
              }
            ],
            "scheduling_policy": [
              {
                "preemptible": true
              }
            ],
            "secondary_disk": [
              {
                "auto_delete": false,
                "device_name": "fhmo04rpg0e5agbcuojh",
                "disk_id": "fhmo04rpg0e5agbcuojh",
                "mode": "READ_WRITE"
              }
            ],
            "service_account_id": "",
            "status": "running",
            "timeouts": null,
            "zone": "ru-central1-a"
          },
          "sensitive_attributes": [],
          "private": "eyJlMmJmYjczMC1lY2FhLTExZTYtOGY4OC0zNDM2M2JjN2M0YzAiOnsiY3JlYXRlIjozMDAwMDAwMDAwMDAsImRlbGV0ZSI6MzAwMDAwMDAwMDAwLCJ1cGRhdGUiOjMwMDAwMDAwMDAwMH0sInNjaGVtYV92ZXJzaW9uIjoiMSJ9",
          "dependencies": [
            "yandex_compute_disk.group5"
          ]
        }
      ]
    }
  ],
  "check_results": null
}
